
Microsoft Visual Studio Solution File, Format Version 12.00
# Visual Studio Version 17
VisualStudioVersion = 17.10.35013.160
MinimumVisualStudioVersion = 10.0.40219.1
Project("{9A19103F-16F7-4668-BE54-9A1E7A4F7556}") = "PetProject", "PetProject\PetProject.csproj", "{739A39A5-6E1B-450E-993E-F07B0302F8CB}"
EndProject
Global
	GlobalSection(SolutionConfigurationPlatforms) = preSolution
		Debug|Any CPU = Debug|Any CPU
		Release|Any CPU = Release|Any CPU
	EndGlobalSection
	GlobalSection(ProjectConfigurationPlatforms) = postSolution
		{739A39A5-6E1B-450E-993E-F07B0302F8CB}.Debug|Any CPU.ActiveCfg = Debug|Any CPU
		{739A39A5-6E1B-450E-993E-F07B0302F8CB}.Debug|Any CPU.Build.0 = Debug|Any CPU
		{739A39A5-6E1B-450E-993E-F07B0302F8CB}.Release|Any CPU.ActiveCfg = Release|Any CPU
		{739A39A5-6E1B-450E-993E-F07B0302F8CB}.Release|Any CPU.Build.0 = Release|Any CPU
	EndGlobalSection
	GlobalSection(SolutionProperties) = preSolution
		HideSolutionNode = FALSE
	EndGlobalSection
	GlobalSection(ExtensibilityGlobals) = postSolution
		SolutionGuid = {608BB852-2A85-420D-92DB-0888F5A144D5}
	EndGlobalSection
EndGlobal
